{
  "name": "foreman",
  "version": "0.1.0",
  "lockfileVersion": 3,
  "requires": true,
  "packages": {
    "": {
      "name": "foreman",
      "version": "0.1.0",
      "license": "MIT",
      "workspaces": [
        "harness",
        "apps/console"
      ],
      "engines": {
        "node": ">=20.11.0"
      }
    },
    "harness": {
      "name": "@foreman/harness",
      "version": "0.1.0"
    },
    "node_modules/@foreman/harness": {
      "resolved": "harness",
      "link": true
    }
  }
}
